
Microsoft Visual Studio Solution File, Format Version 12.00
# Visual Studio Version 17
VisualStudioVersion = 17.6.33829.357
MinimumVisualStudioVersion = 10.0.40219.1
Project("{8BC9CEB8-8B4A-11D0-8D11-00A0C91BC942}") = "NemaSoft", "Injector_app.vcxproj", "{D18D42E2-E243-44F6-98D9-1AA5672D4A94}"
EndProject
Global
	GlobalSection(SolutionConfigurationPlatforms) = preSolution
		Debug|x64 = Debug|x64
		Debug|x86 = Debug|x86
		Release|x64 = Release|x64
		Release|x86 = Release|x86
	EndGlobalSection
	GlobalSection(ProjectConfigurationPlatforms) = postSolution
		{D18D42E2-E243-44F6-98D9-1AA5672D4A94}.Debug|x64.ActiveCfg = Debug|x64
		{D18D42E2-E243-44F6-98D9-1AA5672D4A94}.Debug|x64.Build.0 = Debug|x64
		{D18D42E2-E243-44F6-98D9-1AA5672D4A94}.Debug|x86.ActiveCfg = Debug|Win32
		{D18D42E2-E243-44F6-98D9-1AA5672D4A94}.Debug|x86.Build.0 = Debug|Win32
		{D18D42E2-E243-44F6-98D9-1AA5672D4A94}.Release|x64.ActiveCfg = Release|x64
		{D18D42E2-E243-44F6-98D9-1AA5672D4A94}.Release|x64.Build.0 = Release|x64
		{D18D42E2-E243-44F6-98D9-1AA5672D4A94}.Release|x86.ActiveCfg = Release|Win32
		{D18D42E2-E243-44F6-98D9-1AA5672D4A94}.Release|x86.Build.0 = Release|Win32
	EndGlobalSection
	GlobalSection(SolutionProperties) = preSolution
		HideSolutionNode = FALSE
	EndGlobalSection
	GlobalSection(ExtensibilityGlobals) = postSolution
		SolutionGuid = {576F688B-ACE9-44CF-A866-26E43B808FA6}
	EndGlobalSection
EndGlobal
